
Microsoft Visual Studio Solution File, Format Version 12.00
# Visual Studio 15
VisualStudioVersion = 15.0.26730.16
MinimumVisualStudioVersion = 10.0.40219.1
Project("{8BC9CEB8-8B4A-11D0-8D11-00A0C91BC942}") = "[James J] Tutorial 06 Exercise 04", "[James J] Tutorial 06 Exercise 04\[James J] Tutorial 06 Exercise 04.vcxproj", "{66A6F613-698E-4835-A8A4-76E235500564}"
EndProject
Global
	GlobalSection(SolutionConfigurationPlatforms) = preSolution
		Debug|x64 = Debug|x64
		Debug|x86 = Debug|x86
		Release|x64 = Release|x64
		Release|x86 = Release|x86
	EndGlobalSection
	GlobalSection(ProjectConfigurationPlatforms) = postSolution
		{66A6F613-698E-4835-A8A4-76E235500564}.Debug|x64.ActiveCfg = Debug|x64
		{66A6F613-698E-4835-A8A4-76E235500564}.Debug|x64.Build.0 = Debug|x64
		{66A6F613-698E-4835-A8A4-76E235500564}.Debug|x86.ActiveCfg = Debug|Win32
		{66A6F613-698E-4835-A8A4-76E235500564}.Debug|x86.Build.0 = Debug|Win32
		{66A6F613-698E-4835-A8A4-76E235500564}.Release|x64.ActiveCfg = Release|x64
		{66A6F613-698E-4835-A8A4-76E235500564}.Release|x64.Build.0 = Release|x64
		{66A6F613-698E-4835-A8A4-76E235500564}.Release|x86.ActiveCfg = Release|Win32
		{66A6F613-698E-4835-A8A4-76E235500564}.Release|x86.Build.0 = Release|Win32
	EndGlobalSection
	GlobalSection(SolutionProperties) = preSolution
		HideSolutionNode = FALSE
	EndGlobalSection
	GlobalSection(ExtensibilityGlobals) = postSolution
		SolutionGuid = {68E97EF6-2001-4908-960F-7BC39EC647D7}
	EndGlobalSection
EndGlobal
