
Microsoft Visual Studio Solution File, Format Version 12.00
# Visual Studio 15
VisualStudioVersion = 15.0.26730.16
MinimumVisualStudioVersion = 10.0.40219.1
Project("{8BC9CEB8-8B4A-11D0-8D11-00A0C91BC942}") = "[James J] Tutorial 05 Challenge", "[James J] Tutorial 05 Challenge\[James J] Tutorial 05 Challenge.vcxproj", "{47B14DDB-E5D8-4DAC-835F-85B7DC7D41AF}"
EndProject
Global
	GlobalSection(SolutionConfigurationPlatforms) = preSolution
		Debug|x64 = Debug|x64
		Debug|x86 = Debug|x86
		Release|x64 = Release|x64
		Release|x86 = Release|x86
	EndGlobalSection
	GlobalSection(ProjectConfigurationPlatforms) = postSolution
		{47B14DDB-E5D8-4DAC-835F-85B7DC7D41AF}.Debug|x64.ActiveCfg = Debug|x64
		{47B14DDB-E5D8-4DAC-835F-85B7DC7D41AF}.Debug|x64.Build.0 = Debug|x64
		{47B14DDB-E5D8-4DAC-835F-85B7DC7D41AF}.Debug|x86.ActiveCfg = Debug|Win32
		{47B14DDB-E5D8-4DAC-835F-85B7DC7D41AF}.Debug|x86.Build.0 = Debug|Win32
		{47B14DDB-E5D8-4DAC-835F-85B7DC7D41AF}.Release|x64.ActiveCfg = Release|x64
		{47B14DDB-E5D8-4DAC-835F-85B7DC7D41AF}.Release|x64.Build.0 = Release|x64
		{47B14DDB-E5D8-4DAC-835F-85B7DC7D41AF}.Release|x86.ActiveCfg = Release|Win32
		{47B14DDB-E5D8-4DAC-835F-85B7DC7D41AF}.Release|x86.Build.0 = Release|Win32
	EndGlobalSection
	GlobalSection(SolutionProperties) = preSolution
		HideSolutionNode = FALSE
	EndGlobalSection
	GlobalSection(ExtensibilityGlobals) = postSolution
		SolutionGuid = {37AC9B44-DAB0-41E1-8FE3-564235F6EFCC}
	EndGlobalSection
EndGlobal
